
Microsoft Visual Studio Solution File, Format Version 12.00
# Visual Studio 14
VisualStudioVersion = 14.0.23107.0
MinimumVisualStudioVersion = 10.0.40219.1
Project("{FAE04EC0-301F-11D3-BF4B-00C04F79EFBC}") = "RomanNumerals", "RomanNumerals\RomanNumerals.csproj", "{C74D2C30-6A91-4596-9319-9F0FD9D22305}"
EndProject
Project("{FAE04EC0-301F-11D3-BF4B-00C04F79EFBC}") = "RomanNumerals.UnitTests", "RomanNumerals.UnitTests\RomanNumerals.UnitTests.csproj", "{96B01C4C-2BC4-4699-8DBF-D323FF5A66D0}"
EndProject
Global
	GlobalSection(SolutionConfigurationPlatforms) = preSolution
		Debug|Any CPU = Debug|Any CPU
		Release|Any CPU = Release|Any CPU
	EndGlobalSection
	GlobalSection(ProjectConfigurationPlatforms) = postSolution
		{C74D2C30-6A91-4596-9319-9F0FD9D22305}.Debug|Any CPU.ActiveCfg = Debug|Any CPU
		{C74D2C30-6A91-4596-9319-9F0FD9D22305}.Debug|Any CPU.Build.0 = Debug|Any CPU
		{C74D2C30-6A91-4596-9319-9F0FD9D22305}.Release|Any CPU.ActiveCfg = Release|Any CPU
		{C74D2C30-6A91-4596-9319-9F0FD9D22305}.Release|Any CPU.Build.0 = Release|Any CPU
		{96B01C4C-2BC4-4699-8DBF-D323FF5A66D0}.Debug|Any CPU.ActiveCfg = Debug|Any CPU
		{96B01C4C-2BC4-4699-8DBF-D323FF5A66D0}.Debug|Any CPU.Build.0 = Debug|Any CPU
		{96B01C4C-2BC4-4699-8DBF-D323FF5A66D0}.Release|Any CPU.ActiveCfg = Release|Any CPU
		{96B01C4C-2BC4-4699-8DBF-D323FF5A66D0}.Release|Any CPU.Build.0 = Release|Any CPU
	EndGlobalSection
	GlobalSection(SolutionProperties) = preSolution
		HideSolutionNode = FALSE
	EndGlobalSection
EndGlobal
